// !$*UTF8*$!
{
	archiveVersion = 1;
	classes = {
	};
	objectVersion = 46;
	objects = {

/* Begin PBXBuildFile section */
		4CA316071952818100255516 /* AppDelegate.swift in Sources */ = {isa = PBXBuildFile; fileRef = 4CA316061952818100255516 /* AppDelegate.swift */; };
		4CA316091952818100255516 /* Images.xcassets in Resources */ = {isa = PBXBuildFile; fileRef = 4CA316081952818100255516 /* Images.xcassets */; };
		4CA316151952818100255516 /* ___1_1Tests.swift in Sources */ = {isa = PBXBuildFile; fileRef = 4CA316141952818100255516 /* ___1_1Tests.swift */; };
/* End PBXBuildFile section */

/* Begin PBXContainerItemProxy section */
		4CA3160F1952818100255516 /* PBXContainerItemProxy */ = {
			isa = PBXContainerItemProxy;
			containerPortal = 4CA315F91952818100255516 /* Project object */;
			proxyType = 1;
			remoteGlobalIDString = 4CA316001952818100255516;
			remoteInfo = "爱限免1.1";
		};
/* End PBXContainerItemProxy section */

/* Begin PBXFileReference section */
		4CA316011952818100255516 /* 爱限免1.1.app */ = {isa = PBXFileReference; explicitFileType = wrapper.application; includeInIndex = 0; path = "爱限免1.1.app"; sourceTree = BUILT_PRODUCTS_DIR; };
		4CA316051952818100255516 /* Info.plist */ = {isa = PBXFileReference; lastKnownFileType = text.plist.xml; path = Info.plist; sourceTree = "<group>"; };
		4CA316061952818100255516 /* AppDelegate.swift */ = {isa = PBXFileReference; lastKnownFileType = sourcecode.swift; path = AppDelegate.swift; sourceTree = "<group>"; };
		4CA316081952818100255516 /* Images.xcassets */ = {isa = PBXFileReference; lastKnownFileType = folder.assetcatalog; path = Images.xcassets; sourceTree = "<group>"; };
		4CA3160E1952818100255516 /* 爱限免1.1Tests.xctest */ = {isa = PBXFileReference; explicitFileType = wrapper.cfbundle; includeInIndex = 0; path = "爱限免1.1Tests.xctest"; sourceTree = BUILT_PRODUCTS_DIR; };
		4CA316131952818100255516 /* Info.plist */ = {isa = PBXFileReference; lastKnownFileType = text.plist.xml; path = Info.plist; sourceTree = "<group>"; };
		4CA316141952818100255516 /* ___1_1Tests.swift */ = {isa = PBXFileReference; lastKnownFileType = sourcecode.swift; path = "___1_1Tests.swift"; sourceTree = "<group>"; };
/* End PBXFileReference section */

/* Begin PBXFrameworksBuildPhase section */
		4CA315FE1952818100255516 /* Frameworks */ = {
			isa = PBXFrameworksBuildPhase;
			buildActionMask = 2147483647;
			files = (
			);
			runOnlyForDeploymentPostprocessing = 0;
		};
		4CA3160B1952818100255516 /* Frameworks */ = {
			isa = PBXFrameworksBuildPhase;
			buildActionMask = 2147483647;
			files = (
			);
			runOnlyForDeploymentPostprocessing = 0;
		};
/* End PBXFrameworksBuildPhase section */

/* Begin PBXGroup section */
		4CA315F81952818100255516 = {
			isa = PBXGroup;
			children = (
				4CA316031952818100255516 /* 爱限免1.1 */,
				4CA316111952818100255516 /* 爱限免1.1Tests */,
				4CA316021952818100255516 /* Products */,
			);
			sourceTree = "<group>";
		};
		4CA316021952818100255516 /* Products */ = {
			isa = PBXGroup;
			children = (
				4CA316011952818100255516 /* 爱限免1.1.app */,
				4CA3160E1952818100255516 /* 爱限免1.1Tests.xctest */,
			);
			name = Products;
			sourceTree = "<group>";
		};
		4CA316031952818100255516 /* 爱限免1.1 */ = {
			isa = PBXGroup;
			children = (
				4CA316061952818100255516 /* AppDelegate.swift */,
				4CA316081952818100255516 /* Images.xcassets */,
				4CA316041952818100255516 /* Supporting Files */,
			);
			path = "爱限免1.1";
			sourceTree = "<group>";
		};
		4CA316041952818100255516 /* Supporting Files */ = {
			isa = PBXGroup;
			children = (
				4CA316051952818100255516 /* Info.plist */,
			);
			name = "Supporting Files";
			sourceTree = "<group>";
		};
		4CA316111952818100255516 /* 爱限免1.1Tests */ = {
			isa = PBXGroup;
			children = (
				4CA316141952818100255516 /* ___1_1Tests.swift */,
				4CA316121952818100255516 /* Supporting Files */,
			);
			path = "爱限免1.1Tests";
			sourceTree = "<group>";
		};
		4CA316121952818100255516 /* Supporting Files */ = {
			isa = PBXGroup;
			children = (
				4CA316131952818100255516 /* Info.plist */,
			);
			name = "Supporting Files";
			sourceTree = "<group>";
		};
/* End PBXGroup section */

/* Begin PBXNativeTarget section */
		4CA316001952818100255516 /* 爱限免1.1 */ = {
			isa = PBXNativeTarget;
			buildConfigurationList = 4CA316181952818100255516 /* Build configuration list for PBXNativeTarget "爱限免1.1" */;
			buildPhases = (
				4CA315FD1952818100255516 /* Sources */,
				4CA315FE1952818100255516 /* Frameworks */,
				4CA315FF1952818100255516 /* Resources */,
			);
			buildRules = (
			);
			dependencies = (
			);
			name = "爱限免1.1";
			productName = "爱限免1.1";
			productReference = 4CA316011952818100255516 /* 爱限免1.1.app */;
			productType = "com.apple.product-type.application";
		};
		4CA3160D1952818100255516 /* 爱限免1.1Tests */ = {
			isa = PBXNativeTarget;
			buildConfigurationList = 4CA3161B1952818200255516 /* Build configuration list for PBXNativeTarget "爱限免1.1Tests" */;
			buildPhases = (
				4CA3160A1952818100255516 /* Sources */,
				4CA3160B1952818100255516 /* Frameworks */,
				4CA3160C1952818100255516 /* Resources */,
			);
			buildRules = (
			);
			dependencies = (
				4CA316101952818100255516 /* PBXTargetDependency */,
			);
			name = "爱限免1.1Tests";
			productName = "爱限免1.1Tests";
			productReference = 4CA3160E1952818100255516 /* 爱限免1.1Tests.xctest */;
			productType = "com.apple.product-type.bundle.unit-test";
		};
/* End PBXNativeTarget section */

/* Begin PBXProject section */
		4CA315F91952818100255516 /* Project object */ = {
			isa = PBXProject;
			attributes = {
				LastUpgradeCheck = 0600;
				ORGANIZATIONNAME = "sinonetwork mac";
				TargetAttributes = {
					4CA316001952818100255516 = {
						CreatedOnToolsVersion = 6.0;
					};
					4CA3160D1952818100255516 = {
						CreatedOnToolsVersion = 6.0;
						TestTargetID = 4CA316001952818100255516;
					};
				};
			};
			buildConfigurationList = 4CA315FC1952818100255516 /* Build configuration list for PBXProject "爱限免1.1" */;
			compatibilityVersion = "Xcode 3.2";
			developmentRegion = English;
			hasScannedForEncodings = 0;
			knownRegions = (
				en,
			);
			mainGroup = 4CA315F81952818100255516;
			productRefGroup = 4CA316021952818100255516 /* Products */;
			projectDirPath = "";
			projectRoot = "";
			targets = (
				4CA316001952818100255516 /* 爱限免1.1 */,
				4CA3160D1952818100255516 /* 爱限免1.1Tests */,
			);
		};
/* End PBXProject section */

/* Begin PBXResourcesBuildPhase section */
		4CA315FF1952818100255516 /* Resources */ = {
			isa = PBXResourcesBuildPhase;
			buildActionMask = 2147483647;
			files = (
				4CA316091952818100255516 /* Images.xcassets in Resources */,
			);
			runOnlyForDeploymentPostprocessing = 0;
		};
		4CA3160C1952818100255516 /* Resources */ = {
			isa = PBXResourcesBuildPhase;
			buildActionMask = 2147483647;
			files = (
			);
			runOnlyForDeploymentPostprocessing = 0;
		};
/* End PBXResourcesBuildPhase section */

/* Begin PBXSourcesBuildPhase section */
		4CA315FD1952818100255516 /* Sources */ = {
			isa = PBXSourcesBuildPhase;
			buildActionMask = 2147483647;
			files = (
				4CA316071952818100255516 /* AppDelegate.swift in Sources */,
			);
			runOnlyForDeploymentPostprocessing = 0;
		};
		4CA3160A1952818100255516 /* Sources */ = {
			isa = PBXSourcesBuildPhase;
			buildActionMask = 2147483647;
			files = (
				4CA316151952818100255516 /* ___1_1Tests.swift in Sources */,
			);
			runOnlyForDeploymentPostprocessing = 0;
		};
/* End PBXSourcesBuildPhase section */

/* Begin PBXTargetDependency section */
		4CA316101952818100255516 /* PBXTargetDependency */ = {
			isa = PBXTargetDependency;
			target = 4CA316001952818100255516 /* 爱限免1.1 */;
			targetProxy = 4CA3160F1952818100255516 /* PBXContainerItemProxy */;
		};
/* End PBXTargetDependency section */

/* Begin XCBuildConfiguration section */
		4CA316161952818100255516 /* Debug */ = {
			isa = XCBuildConfiguration;
			buildSettings = {
				ALWAYS_SEARCH_USER_PATHS = NO;
				CLANG_CXX_LANGUAGE_STANDARD = "gnu++0x";
				CLANG_CXX_LIBRARY = "libc++";
				CLANG_ENABLE_MODULES = YES;
				CLANG_ENABLE_OBJC_ARC = YES;
				CLANG_WARN_BOOL_CONVERSION = YES;
				CLANG_WARN_CONSTANT_CONVERSION = YES;
				CLANG_WARN_DIRECT_OBJC_ISA_USAGE = YES_ERROR;
				CLANG_WARN_EMPTY_BODY = YES;
				CLANG_WARN_ENUM_CONVERSION = YES;
				CLANG_WARN_INT_CONVERSION = YES;
				CLANG_WARN_OBJC_ROOT_CLASS = YES_ERROR;
				CLANG_WARN_UNREACHABLE_CODE = YES;
				CLANG_WARN__DUPLICATE_METHOD_MATCH = YES;
				"CODE_SIGN_IDENTITY[sdk=iphoneos*]" = "iPhone Developer";
				COPY_PHASE_STRIP = NO;
				ENABLE_STRICT_OBJC_MSGSEND = YES;
				GCC_C_LANGUAGE_STANDARD = gnu99;
				GCC_DYNAMIC_NO_PIC = NO;
				GCC_OPTIMIZATION_LEVEL = 0;
				GCC_PREPROCESSOR_DEFINITIONS = (
					"DEBUG=1",
					"$(inherited)",
				);
				GCC_SYMBOLS_PRIVATE_EXTERN = NO;
				GCC_WARN_64_TO_32_BIT_CONVERSION = YES;
				GCC_WARN_ABOUT_RETURN_TYPE = YES_ERROR;
				GCC_WARN_UNDECLARED_SELECTOR = YES;
				GCC_WARN_UNINITIALIZED_AUTOS = YES_AGGRESSIVE;
				GCC_WARN_UNUSED_FUNCTION = YES;
				GCC_WARN_UNUSED_VARIABLE = YES;
				IPHONEOS_DEPLOYMENT_TARGET = 8.0;
				METAL_ENABLE_DEBUG_INFO = YES;
				ONLY_ACTIVE_ARCH = YES;
				SDKROOT = iphoneos;
				SWIFT_OPTIMIZATION_LEVEL = "-Onone";
				TARGETED_DEVICE_FAMILY = "1,2";
			};
			name = Debug;
		};
		4CA316171952818100255516 /* Release */ = {
			isa = XCBuildConfiguration;
			buildSettings = {
				ALWAYS_SEARCH_USER_PATHS = NO;
				CLANG_CXX_LANGUAGE_STANDARD = "gnu++0x";
				CLANG_CXX_LIBRARY = "libc++";
				CLANG_ENABLE_MODULES = YES;
				CLANG_ENABLE_OBJC_ARC = YES;
				CLANG_WARN_BOOL_CONVERSION = YES;
				CLANG_WARN_CONSTANT_CONVERSION = YES;
				CLANG_WARN_DIRECT_OBJC_ISA_USAGE = YES_ERROR;
				CLANG_WARN_EMPTY_BODY = YES;
				CLANG_WARN_ENUM_CONVERSION = YES;
				CLANG_WARN_INT_CONVERSION = YES;
				CLANG_WARN_OBJC_ROOT_CLASS = YES_ERROR;
				CLANG_WARN_UNREACHABLE_CODE = YES;
				CLANG_WARN__DUPLICATE_METHOD_MATCH = YES;
				"CODE_SIGN_IDENTITY[sdk=iphoneos*]" = "iPhone Developer";
				COPY_PHASE_STRIP = YES;
				ENABLE_NS_ASSERTIONS = NO;
				ENABLE_STRICT_OBJC_MSGSEND = YES;
				GCC_C_LANGUAGE_STANDARD = gnu99;
				GCC_WARN_64_TO_32_BIT_CONVERSION = YES;
				GCC_WARN_ABOUT_RETURN_TYPE = YES_ERROR;
				GCC_WARN_UNDECLARED_SELECTOR = YES;
				GCC_WARN_UNINITIALIZED_AUTOS = YES_AGGRESSIVE;
				GCC_WARN_UNUSED_FUNCTION = YES;
				GCC_WARN_UNUSED_VARIABLE = YES;
				IPHONEOS_DEPLOYMENT_TARGET = 8.0;
				METAL_ENABLE_DEBUG_INFO = NO;
				SDKROOT = iphoneos;
				TARGETED_DEVICE_FAMILY = "1,2";
				VALIDATE_PRODUCT = YES;
			};
			name = Release;
		};
		4CA316191952818100255516 /* Debug */ = {
			isa = XCBuildConfiguration;
			buildSettings = {
				ASSETCATALOG_COMPILER_APPICON_NAME = AppIcon;
				ASSETCATALOG_COMPILER_LAUNCHIMAGE_NAME = LaunchImage;
				INFOPLIST_FILE = "爱限免1.1/Info.plist";
				LD_RUNPATH_SEARCH_PATHS = "$(inherited) @executable_path/Frameworks";
				PRODUCT_NAME = "$(TARGET_NAME)";
			};
			name = Debug;
		};
		4CA3161A1952818200255516 /* Release */ = {
			isa = XCBuildConfiguration;
			buildSettings = {
				ASSETCATALOG_COMPILER_APPICON_NAME = AppIcon;
				ASSETCATALOG_COMPILER_LAUNCHIMAGE_NAME = LaunchImage;
				INFOPLIST_FILE = "爱限免1.1/Info.plist";
				LD_RUNPATH_SEARCH_PATHS = "$(inherited) @executable_path/Frameworks";
				PRODUCT_NAME = "$(TARGET_NAME)";
			};
			name = Release;
		};
		4CA3161C1952818200255516 /* Debug */ = {
			isa = XCBuildConfiguration;
			buildSettings = {
				BUNDLE_LOADER = "$(BUILT_PRODUCTS_DIR)/爱限免1.1.app/爱限免1.1";
				FRAMEWORK_SEARCH_PATHS = (
					"$(SDKROOT)/Developer/Library/Frameworks",
					"$(inherited)",
				);
				GCC_PREPROCESSOR_DEFINITIONS = (
					"DEBUG=1",
					"$(inherited)",
				);
				INFOPLIST_FILE = "爱限免1.1Tests/Info.plist";
				LD_RUNPATH_SEARCH_PATHS = "$(inherited) @executable_path/Frameworks @loader_path/Frameworks";
				METAL_ENABLE_DEBUG_INFO = YES;
				PRODUCT_NAME = "$(TARGET_NAME)";
				TEST_HOST = "$(BUNDLE_LOADER)";
			};
			name = Debug;
		};
		4CA3161D1952818200255516 /* Release */ = {
			isa = XCBuildConfiguration;
			buildSettings = {
				BUNDLE_LOADER = "$(BUILT_PRODUCTS_DIR)/爱限免1.1.app/爱限免1.1";
				FRAMEWORK_SEARCH_PATHS = (
					"$(SDKROOT)/Developer/Library/Frameworks",
					"$(inherited)",
				);
				INFOPLIST_FILE = "爱限免1.1Tests/Info.plist";
				LD_RUNPATH_SEARCH_PATHS = "$(inherited) @executable_path/Frameworks @loader_path/Frameworks";
				METAL_ENABLE_DEBUG_INFO = NO;
				PRODUCT_NAME = "$(TARGET_NAME)";
				TEST_HOST = "$(BUNDLE_LOADER)";
			};
			name = Release;
		};
/* End XCBuildConfiguration section */

/* Begin XCConfigurationList section */
		4CA315FC1952818100255516 /* Build configuration list for PBXProject "爱限免1.1" */ = {
			isa = XCConfigurationList;
			buildConfigurations = (
				4CA316161952818100255516 /* Debug */,
				4CA316171952818100255516 /* Release */,
			);
			defaultConfigurationIsVisible = 0;
			defaultConfigurationName = Release;
		};
		4CA316181952818100255516 /* Build configuration list for PBXNativeTarget "爱限免1.1" */ = {
			isa = XCConfigurationList;
			buildConfigurations = (
				4CA316191952818100255516 /* Debug */,
				4CA3161A1952818200255516 /* Release */,
			);
			defaultConfigurationIsVisible = 0;
		};
		4CA3161B1952818200255516 /* Build configuration list for PBXNativeTarget "爱限免1.1Tests" */ = {
			isa = XCConfigurationList;
			buildConfigurations = (
				4CA3161C1952818200255516 /* Debug */,
				4CA3161D1952818200255516 /* Release */,
			);
			defaultConfigurationIsVisible = 0;
		};
/* End XCConfigurationList section */
	};
	rootObject = 4CA315F91952818100255516 /* Project object */;
}
